{
  "name": "locate-firefox",
  "version": "0.1.1",
  "lockfileVersion": 1,
  "requires": true,
  "dependencies": {
    "es6-promise": {
      "version": "2.3.0",
      "resolved": "https://registry.npmjs.org/es6-promise/-/es6-promise-2.3.0.tgz",
      "integrity": "sha1-lu258v2wGZWCKyY92KratnSBgbw="
    },
    "queue-async": {
      "version": "1.2.1",
      "resolved": "https://registry.npmjs.org/queue-async/-/queue-async-1.2.1.tgz",
      "integrity": "sha1-BYLgHa4lMljPV2/Co125b8qEf28="
    },
    "userhome": {
      "version": "1.0.0",
      "resolved": "https://registry.npmjs.org/userhome/-/userhome-1.0.0.tgz",
      "integrity": "sha1-tkkf8S0hpecmcd+czIcX4cZojAs="
    }
  }
}
